<?xml version="1.0" encoding="utf-8"?>
<Project ToolsVersion="4.0" xmlns="http://schemas.microsoft.com/developer/msbuild/2003">
  <ItemGroup>
    <Filter Include="Archivos de código fuente">
      <UniqueIdentifier>{4FC737F1-C7A5-4376-A066-2A32D752A2FF}</UniqueIdentifier>
      <Extensions>cpp;c;cc;cxx;def;odl;idl;hpj;bat;asm;asmx</Extensions>
    </Filter>
    <Filter Include="Archivos de encabezado">
      <UniqueIdentifier>{93995380-89BD-4b04-88EB-625FBE52EBFB}</UniqueIdentifier>
      <Extensions>h;hh;hpp;hxx;hm;inl;inc;xsd</Extensions>
    </Filter>
    <Filter Include="Archivos de recursos">
      <UniqueIdentifier>{67DA6AB6-F800-4c08-8B7A-83BB121AAD01}</UniqueIdentifier>
      <Extensions>rc;ico;cur;bmp;dlg;rc2;rct;bin;rgs;gif;jpg;jpeg;jpe;resx;tiff;tif;png;wav;mfcribbon-ms</Extensions>
    </Filter>
    <Filter Include="Archivos de código fuente\Entidades">
      <UniqueIdentifier>{11af2d9e-5d94-40ae-bcd5-3e4bfdc30552}</UniqueIdentifier>
    </Filter>
    <Filter Include="Archivos de encabezado\Entidades">
      <UniqueIdentifier>{5fb1ee6f-2e81-47c0-a821-910578af5140}</UniqueIdentifier>
    </Filter>
    <Filter Include="Archivos de código fuente\Estados">
      <UniqueIdentifier>{5ab91692-b75a-4f4e-a541-6daeb9bc77ed}</UniqueIdentifier>
    </Filter>
    <Filter Include="Archivos de encabezado\Estados">
      <UniqueIdentifier>{7b11bbc1-8794-42a2-90d8-72b1d280f19c}</UniqueIdentifier>
    </Filter>
    <Filter Include="Archivos de código fuente\Factorias">
      <UniqueIdentifier>{dae38dee-2332-4a86-8fd5-5ad147841bc5}</UniqueIdentifier>
    </Filter>
    <Filter Include="Archivos de encabezado\Factorias">
      <UniqueIdentifier>{f70c7c15-2701-478b-a7af-797178b33f57}</UniqueIdentifier>
    </Filter>
  </ItemGroup>
  <ItemGroup>
    <ClCompile Include="mainP1.cpp">
      <Filter>Archivos de código fuente</Filter>
    </ClCompile>
    <ClCompile Include="juegoPG.cpp">
      <Filter>Archivos de código fuente</Filter>
    </ClCompile>
    <ClCompile Include="TexturasSDL.cpp">
      <Filter>Archivos de código fuente</Filter>
    </ClCompile>
    <ClCompile Include="BotonPG.cpp">
      <Filter>Archivos de código fuente\Entidades</Filter>
    </ClCompile>
    <ClCompile Include="BouncingBall.cpp">
      <Filter>Archivos de código fuente\Entidades</Filter>
    </ClCompile>
    <ClCompile Include="GloboA.cpp">
      <Filter>Archivos de código fuente\Entidades</Filter>
    </ClCompile>
    <ClCompile Include="GlobosPG.cpp">
      <Filter>Archivos de código fuente\Entidades</Filter>
    </ClCompile>
    <ClCompile Include="MariposaPG.cpp">
      <Filter>Archivos de código fuente\Entidades</Filter>
    </ClCompile>
    <ClCompile Include="ObjetoPG.cpp">
      <Filter>Archivos de código fuente\Entidades</Filter>
    </ClCompile>
    <ClCompile Include="PremioPG.cpp">
      <Filter>Archivos de código fuente\Entidades</Filter>
    </ClCompile>
    <ClCompile Include="Vago.cpp">
      <Filter>Archivos de código fuente\Entidades</Filter>
    </ClCompile>
    <ClCompile Include="EstadoPG.cpp">
      <Filter>Archivos de código fuente\Estados</Filter>
    </ClCompile>
    <ClCompile Include="MenuPG.cpp">
      <Filter>Archivos de código fuente\Estados</Filter>
    </ClCompile>
    <ClCompile Include="PausaPG.cpp">
      <Filter>Archivos de código fuente\Estados</Filter>
    </ClCompile>
    <ClCompile Include="PlayPg.cpp">
      <Filter>Archivos de código fuente\Estados</Filter>
    </ClCompile>
    <ClCompile Include="GameFactory.cpp">
      <Filter>Archivos de código fuente\Factorias</Filter>
    </ClCompile>
    <ClCompile Include="Gamefactory2.cpp">
      <Filter>Archivos de código fuente\Factorias</Filter>
    </ClCompile>
    <ClCompile Include="GameOverPG.cpp">
      <Filter>Archivos de código fuente\Estados</Filter>
    </ClCompile>
    <ClCompile Include="Configuracion.cpp">
      <Filter>Archivos de código fuente\Estados</Filter>
    </ClCompile>
    <ClCompile Include="ProgrammableBouncingBall.cpp">
      <Filter>Archivos de código fuente</Filter>
    </ClCompile>
  </ItemGroup>
  <ItemGroup>
    <ClInclude Include="juegoPG.h">
      <Filter>Archivos de encabezado</Filter>
    </ClInclude>
    <ClInclude Include="TexturasSDL.h">
      <Filter>Archivos de encabezado</Filter>
    </ClInclude>
    <ClInclude Include="Error.h">
      <Filter>Archivos de encabezado</Filter>
    </ClInclude>
    <ClInclude Include="BotonPG.h">
      <Filter>Archivos de encabezado\Entidades</Filter>
    </ClInclude>
    <ClInclude Include="BouncingBall.h">
      <Filter>Archivos de encabezado\Entidades</Filter>
    </ClInclude>
    <ClInclude Include="GloboA.h">
      <Filter>Archivos de encabezado\Entidades</Filter>
    </ClInclude>
    <ClInclude Include="GlobosPG.h">
      <Filter>Archivos de encabezado\Entidades</Filter>
    </ClInclude>
    <ClInclude Include="MariposaPG.h">
      <Filter>Archivos de encabezado\Entidades</Filter>
    </ClInclude>
    <ClInclude Include="ObjetoJuego.h">
      <Filter>Archivos de encabezado\Entidades</Filter>
    </ClInclude>
    <ClInclude Include="ObjetoPG.h">
      <Filter>Archivos de encabezado\Entidades</Filter>
    </ClInclude>
    <ClInclude Include="PremioPG.h">
      <Filter>Archivos de encabezado\Entidades</Filter>
    </ClInclude>
    <ClInclude Include="Vago.h">
      <Filter>Archivos de encabezado\Entidades</Filter>
    </ClInclude>
    <ClInclude Include="EstadoJuego.h">
      <Filter>Archivos de encabezado\Estados</Filter>
    </ClInclude>
    <ClInclude Include="EstadoPG.h">
      <Filter>Archivos de encabezado\Estados</Filter>
    </ClInclude>
    <ClInclude Include="GameOverPG.h">
      <Filter>Archivos de encabezado\Estados</Filter>
    </ClInclude>
    <ClInclude Include="MenuPG.h">
      <Filter>Archivos de encabezado\Estados</Filter>
    </ClInclude>
    <ClInclude Include="PausaPG.h">
      <Filter>Archivos de encabezado\Estados</Filter>
    </ClInclude>
    <ClInclude Include="PlayPg.h">
      <Filter>Archivos de encabezado\Estados</Filter>
    </ClInclude>
    <ClInclude Include="GameElementFactoryV.h">
      <Filter>Archivos de encabezado\Factorias</Filter>
    </ClInclude>
    <ClInclude Include="GameFactory.h">
      <Filter>Archivos de encabezado\Factorias</Filter>
    </ClInclude>
    <ClInclude Include="Gamefactory2.h">
      <Filter>Archivos de encabezado\Factorias</Filter>
    </ClInclude>
    <ClInclude Include="Configuracion.h">
      <Filter>Archivos de encabezado\Estados</Filter>
    </ClInclude>
    <ClInclude Include="ProgrammableBouncingBall.h">
      <Filter>Archivos de encabezado</Filter>
    </ClInclude>
    <ClInclude Include="PBBExternAccess.h">
      <Filter>Archivos de encabezado</Filter>
    </ClInclude>
  </ItemGroup>
</Project>